
Microsoft Visual Studio Solution File, Format Version 12.00
# Visual Studio Version 17
VisualStudioVersion = 17.11.35222.181
MinimumVisualStudioVersion = 10.0.40219.1
Project("{888888A0-9F3D-457C-B088-3A5042F75D52}") = "monefy_bot", "monefy_bot\monefy_bot.pyproj", "{E26832DB-012E-4F9D-9B11-206C95A10332}"
EndProject
Global
	GlobalSection(SolutionConfigurationPlatforms) = preSolution
		Debug|Any CPU = Debug|Any CPU
		Release|Any CPU = Release|Any CPU
	EndGlobalSection
	GlobalSection(ProjectConfigurationPlatforms) = postSolution
		{E26832DB-012E-4F9D-9B11-206C95A10332}.Debug|Any CPU.ActiveCfg = Debug|Any CPU
		{E26832DB-012E-4F9D-9B11-206C95A10332}.Release|Any CPU.ActiveCfg = Release|Any CPU
	EndGlobalSection
	GlobalSection(SolutionProperties) = preSolution
		HideSolutionNode = FALSE
	EndGlobalSection
	GlobalSection(ExtensibilityGlobals) = postSolution
		SolutionGuid = {F9202871-9E93-4515-BA20-0875F6597F57}
	EndGlobalSection
EndGlobal
